{
  "version": 4,
  "terraform_version": "0.12.8",
  "serial": 30,
  "lineage": "ea4b17c0-f2f5-f733-d78a-fde96a386c01",
  "outputs": {},
  "resources": [
    {
      "mode": "managed",
      "type": "google_compute_firewall",
      "name": "allow-ssh",
      "provider": "provider.google",
      "instances": [
        {
          "schema_version": 1,
          "attributes": {
            "allow": [
              {
                "ports": [
                  "20-80",
                  "8080",
                  "1000-2000"
                ],
                "protocol": "tcp"
              },
              {
                "ports": [],
                "protocol": "icmp"
              }
            ],
            "creation_timestamp": "2019-09-13T03:19:23.167-07:00",
            "deny": [],
            "description": "",
            "destination_ranges": [],
            "direction": "INGRESS",
            "disabled": false,
            "id": "allow-devops-practice-ssh",
            "name": "allow-devops-practice-ssh",
            "network": "https://www.googleapis.com/compute/v1/projects/devops-practice-252409/global/networks/devops-practice-vpc-01",
            "priority": 1000,
            "project": "devops-practice-252409",
            "self_link": "https://www.googleapis.com/compute/v1/projects/devops-practice-252409/global/firewalls/allow-devops-practice-ssh",
            "source_ranges": [
              "114.143.52.206/32"
            ],
            "source_service_accounts": [],
            "source_tags": [],
            "target_service_accounts": [],
            "target_tags": [],
            "timeouts": null
          },
          "private": "eyJlMmJmYjczMC1lY2FhLTExZTYtOGY4OC0zNDM2M2JjN2M0YzAiOnsiY3JlYXRlIjoyNDAwMDAwMDAwMDAsImRlbGV0ZSI6MjQwMDAwMDAwMDAwLCJ1cGRhdGUiOjI0MDAwMDAwMDAwMH0sInNjaGVtYV92ZXJzaW9uIjoiMSJ9",
          "depends_on": [
            "google_compute_network.devops-practice-vpc-01"
          ]
        }
      ]
    },
    {
      "mode": "managed",
      "type": "google_compute_instance",
      "name": "devops-practice-vm",
      "provider": "provider.google",
      "instances": [
        {
          "schema_version": 6,
          "attributes": {
            "allow_stopping_for_update": null,
            "attached_disk": [],
            "boot_disk": [
              {
                "auto_delete": true,
                "device_name": "persistent-disk-0",
                "disk_encryption_key_raw": "",
                "disk_encryption_key_sha256": "",
                "initialize_params": [
                  {
                    "image": "https://www.googleapis.com/compute/v1/projects/centos-cloud/global/images/centos-7-v20180129",
                    "labels": {},
                    "size": 10,
                    "type": "pd-standard"
                  }
                ],
                "kms_key_self_link": "",
                "source": "https://www.googleapis.com/compute/v1/projects/devops-practice-252409/zones/us-east1-b/disks/devops-practice-terraform-instance"
              }
            ],
            "can_ip_forward": false,
            "cpu_platform": "Intel Haswell",
            "deletion_protection": false,
            "description": "",
            "disk": [],
            "guest_accelerator": [],
            "hostname": "",
            "id": "devops-practice-terraform-instance",
            "instance_id": "7984281876910469176",
            "label_fingerprint": "42WmSpB8rSM=",
            "labels": {},
            "machine_type": "f1-micro",
            "metadata": {
              "ssh-keys": "rhirave:ssh-rsa AAAAB3NzaC1yc2EAAAADAQABAAABAQCyUglvQ2Nc4P4tQGkgPkKiogXydVwzmBeB1UvXbRHlkto7cC5Cz15sQkVI3dGavqa/BO1vQis9EdNgmGLlHVZo1vkG2VR8OVrFA4is9k7QlhVpjFMsU/rjCy+Pnk73gyZjcbURnESTLqbdsC54UesoNnOYX9HqXlnMDagXTZ2s5NaBUxzfuq+Re7Pw5Yg34pRagTMIvVhpt25KVr4yUlxVparZGk4OyGGN4nsiXOeUGwJD6rfPA87W0RyKiww0CvwmdwDNZqSdEqzCBuTVYO8D2YrqfMjfjfMLMKUWgK1Zjb0w3V5HFIQBucpEBnVSYSMxROCvJs2mXixK0KeIvZip rhirave\n"
            },
            "metadata_fingerprint": "FsEWq7rbUHw=",
            "metadata_startup_script": "",
            "min_cpu_platform": "",
            "name": "devops-practice-terraform-instance",
            "network_interface": [
              {
                "access_config": [
                  {
                    "assigned_nat_ip": "",
                    "nat_ip": "35.231.157.30",
                    "network_tier": "PREMIUM",
                    "public_ptr_domain_name": ""
                  }
                ],
                "address": "",
                "alias_ip_range": [],
                "name": "nic0",
                "network": "https://www.googleapis.com/compute/v1/projects/devops-practice-252409/global/networks/devops-practice-vpc-01",
                "network_ip": "172.17.0.3",
                "subnetwork": "https://www.googleapis.com/compute/v1/projects/devops-practice-252409/regions/us-east1/subnetworks/devops-practice-subnet-02",
                "subnetwork_project": "devops-practice-252409"
              }
            ],
            "project": "devops-practice-252409",
            "scheduling": [
              {
                "automatic_restart": true,
                "node_affinities": [],
                "on_host_maintenance": "MIGRATE",
                "preemptible": false
              }
            ],
            "scratch_disk": [],
            "self_link": "https://www.googleapis.com/compute/v1/projects/devops-practice-252409/zones/us-east1-b/instances/devops-practice-terraform-instance",
            "service_account": [],
            "shielded_instance_config": [],
            "tags": [],
            "tags_fingerprint": "42WmSpB8rSM=",
            "timeouts": null,
            "zone": "us-east1-b"
          },
          "private": "eyJlMmJmYjczMC1lY2FhLTExZTYtOGY4OC0zNDM2M2JjN2M0YzAiOnsiY3JlYXRlIjoxMjAwMDAwMDAwMDAwLCJkZWxldGUiOjEyMDAwMDAwMDAwMDAsInVwZGF0ZSI6MTIwMDAwMDAwMDAwMH0sInNjaGVtYV92ZXJzaW9uIjoiNiJ9",
          "depends_on": [
            "google_compute_network.devops-practice-vpc-01",
            "google_compute_subnetwork.devops-practice-subnet-02"
          ]
        }
      ]
    },
    {
      "mode": "managed",
      "type": "google_compute_network",
      "name": "devops-practice-vpc-01",
      "provider": "provider.google",
      "instances": [
        {
          "schema_version": 0,
          "attributes": {
            "auto_create_subnetworks": false,
            "delete_default_routes_on_create": false,
            "description": "",
            "gateway_ipv4": "",
            "id": "devops-practice-vpc-01",
            "ipv4_range": "",
            "name": "devops-practice-vpc-01",
            "project": "devops-practice-252409",
            "routing_mode": "REGIONAL",
            "self_link": "https://www.googleapis.com/compute/v1/projects/devops-practice-252409/global/networks/devops-practice-vpc-01",
            "timeouts": null
          },
          "private": "eyJlMmJmYjczMC1lY2FhLTExZTYtOGY4OC0zNDM2M2JjN2M0YzAiOnsiY3JlYXRlIjoyNDAwMDAwMDAwMDAsImRlbGV0ZSI6MjQwMDAwMDAwMDAwLCJ1cGRhdGUiOjI0MDAwMDAwMDAwMH19"
        }
      ]
    },
    {
      "mode": "managed",
      "type": "google_compute_router",
      "name": "devops-practice-router-01",
      "provider": "provider.google",
      "instances": [
        {
          "schema_version": 0,
          "attributes": {
            "bgp": [
              {
                "advertise_mode": "DEFAULT",
                "advertised_groups": null,
                "advertised_ip_ranges": [],
                "asn": 64514
              }
            ],
            "creation_timestamp": "2019-09-13T11:00:34.402-07:00",
            "description": "",
            "id": "us-east1/devops-practice-router-01",
            "name": "devops-practice-router-01",
            "network": "https://www.googleapis.com/compute/v1/projects/devops-practice-252409/global/networks/devops-practice-vpc-01",
            "project": "devops-practice-252409",
            "region": "us-east1",
            "self_link": "https://www.googleapis.com/compute/v1/projects/devops-practice-252409/regions/us-east1/routers/devops-practice-router-01",
            "timeouts": null
          },
          "private": "eyJlMmJmYjczMC1lY2FhLTExZTYtOGY4OC0zNDM2M2JjN2M0YzAiOnsiY3JlYXRlIjoyNDAwMDAwMDAwMDAsImRlbGV0ZSI6MjQwMDAwMDAwMDAwLCJ1cGRhdGUiOjI0MDAwMDAwMDAwMH19",
          "depends_on": [
            "google_compute_network.devops-practice-vpc-01",
            "google_compute_subnetwork.devops-practice-subnet-01"
          ]
        }
      ]
    },
    {
      "mode": "managed",
      "type": "google_compute_router_nat",
      "name": "devops-practice-nat-01",
      "provider": "provider.google",
      "instances": [
        {
          "schema_version": 0,
          "attributes": {
            "icmp_idle_timeout_sec": 0,
            "id": "devops-practice-252409/us-east1/devops-practice-router-01/devops-practice-nat-01",
            "log_config": [],
            "min_ports_per_vm": 0,
            "name": "devops-practice-nat-01",
            "nat_ip_allocate_option": "AUTO_ONLY",
            "nat_ips": null,
            "project": "devops-practice-252409",
            "region": "us-east1",
            "router": "devops-practice-router-01",
            "source_subnetwork_ip_ranges_to_nat": "LIST_OF_SUBNETWORKS",
            "subnetwork": [
              {
                "name": "https://www.googleapis.com/compute/v1/projects/devops-practice-252409/regions/us-east1/subnetworks/devops-practice-subnet-01",
                "secondary_ip_range_names": [],
                "source_ip_ranges_to_nat": [
                  "ALL_IP_RANGES"
                ]
              }
            ],
            "tcp_established_idle_timeout_sec": 0,
            "tcp_transitory_idle_timeout_sec": 0,
            "timeouts": null,
            "udp_idle_timeout_sec": 0
          },
          "private": "eyJlMmJmYjczMC1lY2FhLTExZTYtOGY4OC0zNDM2M2JjN2M0YzAiOnsiY3JlYXRlIjo2MDAwMDAwMDAwMDAsImRlbGV0ZSI6NjAwMDAwMDAwMDAwfX0=",
          "depends_on": [
            "google_compute_router.devops-practice-router-01",
            "google_compute_subnetwork.devops-practice-subnet-01"
          ]
        }
      ]
    },
    {
      "mode": "managed",
      "type": "google_compute_subnetwork",
      "name": "devops-practice-subnet-01",
      "provider": "provider.google",
      "instances": [
        {
          "schema_version": 0,
          "attributes": {
            "creation_timestamp": "2019-09-13T02:42:27.859-07:00",
            "description": "",
            "enable_flow_logs": true,
            "fingerprint": "iNc-39WJLGQ=",
            "gateway_address": "172.16.0.1",
            "id": "us-east1/devops-practice-subnet-01",
            "ip_cidr_range": "172.16.0.0/24",
            "name": "devops-practice-subnet-01",
            "network": "https://www.googleapis.com/compute/v1/projects/devops-practice-252409/global/networks/devops-practice-vpc-01",
            "private_ip_google_access": false,
            "project": "devops-practice-252409",
            "region": "us-east1",
            "secondary_ip_range": [],
            "self_link": "https://www.googleapis.com/compute/v1/projects/devops-practice-252409/regions/us-east1/subnetworks/devops-practice-subnet-01",
            "timeouts": null
          },
          "private": "eyJlMmJmYjczMC1lY2FhLTExZTYtOGY4OC0zNDM2M2JjN2M0YzAiOnsiY3JlYXRlIjozNjAwMDAwMDAwMDAsImRlbGV0ZSI6MzYwMDAwMDAwMDAwLCJ1cGRhdGUiOjM2MDAwMDAwMDAwMH19",
          "depends_on": [
            "google_compute_network.devops-practice-vpc-01"
          ]
        }
      ]
    },
    {
      "mode": "managed",
      "type": "google_compute_subnetwork",
      "name": "devops-practice-subnet-02",
      "provider": "provider.google",
      "instances": [
        {
          "schema_version": 0,
          "attributes": {
            "creation_timestamp": "2019-09-13T02:42:27.684-07:00",
            "description": "",
            "enable_flow_logs": true,
            "fingerprint": "yQhLXIp135k=",
            "gateway_address": "172.17.0.1",
            "id": "us-east1/devops-practice-subnet-02",
            "ip_cidr_range": "172.17.0.0/24",
            "name": "devops-practice-subnet-02",
            "network": "https://www.googleapis.com/compute/v1/projects/devops-practice-252409/global/networks/devops-practice-vpc-01",
            "private_ip_google_access": true,
            "project": "devops-practice-252409",
            "region": "us-east1",
            "secondary_ip_range": [],
            "self_link": "https://www.googleapis.com/compute/v1/projects/devops-practice-252409/regions/us-east1/subnetworks/devops-practice-subnet-02",
            "timeouts": null
          },
          "private": "eyJlMmJmYjczMC1lY2FhLTExZTYtOGY4OC0zNDM2M2JjN2M0YzAiOnsiY3JlYXRlIjozNjAwMDAwMDAwMDAsImRlbGV0ZSI6MzYwMDAwMDAwMDAwLCJ1cGRhdGUiOjM2MDAwMDAwMDAwMH19",
          "depends_on": [
            "google_compute_network.devops-practice-vpc-01"
          ]
        }
      ]
    }
  ]
}
